
Microsoft Visual Studio Solution File, Format Version 12.00
# Visual Studio Version 16
VisualStudioVersion = 16.0.28531.58
MinimumVisualStudioVersion = 10.0.40219.1
Project("{2150E333-8FDC-42A3-9474-1A3956D46DE8}") = "Source", "Source", "{73CD9574-5204-442D-A67C-CA7B038057C2}"
EndProject
Project("{9A19103F-16F7-4668-BE54-9A1E7A4F7556}") = "Blazorise", "Source\Blazorise\Blazorise.csproj", "{4FB6A3AB-A9AD-4F7A-8B53-168B3BF02C03}"
EndProject
Project("{9A19103F-16F7-4668-BE54-9A1E7A4F7556}") = "Blazorise.Bootstrap", "Source\Blazorise.Bootstrap\Blazorise.Bootstrap.csproj", "{01546D2B-3805-4C22-9154-A60A8A42B70A}"
EndProject
Project("{9A19103F-16F7-4668-BE54-9A1E7A4F7556}") = "Blazorise.Bulma", "Source\Blazorise.Bulma\Blazorise.Bulma.csproj", "{FFAF9BF2-3560-4C1F-80C3-CE3870FC685E}"
EndProject
Project("{9A19103F-16F7-4668-BE54-9A1E7A4F7556}") = "Blazorise.Material", "Source\Blazorise.Material\Blazorise.Material.csproj", "{76C16796-0F1D-4326-B3AC-466E02643F91}"
EndProject
Project("{9A19103F-16F7-4668-BE54-9A1E7A4F7556}") = "Blazorise.Frolic", "Source\Blazorise.Frolic\Blazorise.Frolic.csproj", "{BB2CA5F2-CB01-48E1-BF62-2A4CB6A38DF3}"
EndProject
Project("{2150E333-8FDC-42A3-9474-1A3956D46DE8}") = "Tests", "Tests", "{D04C5874-4D6A-493E-8CF4-6C7922198563}"
EndProject
Project("{2150E333-8FDC-42A3-9474-1A3956D46DE8}") = "Extensions", "Extensions", "{9731051E-0AA7-411E-A76A-987854F034DA}"
EndProject
Project("{9A19103F-16F7-4668-BE54-9A1E7A4F7556}") = "Blazorise.Snackbar", "Source\Extensions\Blazorise.Snackbar\Blazorise.Snackbar.csproj", "{C33071AD-3E5B-4447-A6F4-ADADE591534F}"
EndProject
Project("{9A19103F-16F7-4668-BE54-9A1E7A4F7556}") = "Blazorise.Charts", "Source\Extensions\Blazorise.Charts\Blazorise.Charts.csproj", "{A086A010-6FA4-442E-A44B-3EF211506C48}"
EndProject
Project("{9A19103F-16F7-4668-BE54-9A1E7A4F7556}") = "Blazorise.DataGrid", "Source\Extensions\Blazorise.DataGrid\Blazorise.DataGrid.csproj", "{DF3979B1-01AC-4B6D-B2B5-DAEF80614C48}"
EndProject
Project("{9A19103F-16F7-4668-BE54-9A1E7A4F7556}") = "Blazorise.Sidebar", "Source\Extensions\Blazorise.Sidebar\Blazorise.Sidebar.csproj", "{07772BA5-4FC4-4B20-A52E-A68AF79AFD7E}"
EndProject
Project("{9A19103F-16F7-4668-BE54-9A1E7A4F7556}") = "Blazorise.Components", "Source\Extensions\Blazorise.Components\Blazorise.Components.csproj", "{70406C82-2AC5-4CA8-8D72-0C014B3B1FA2}"
EndProject
Project("{9A19103F-16F7-4668-BE54-9A1E7A4F7556}") = "Blazorise.Icons.FontAwesome", "Source\Extensions\Blazorise.Icons.FontAwesome\Blazorise.Icons.FontAwesome.csproj", "{B8ABAE4B-F2A8-477D-A72F-3DA1A7DA4A47}"
EndProject
Project("{9A19103F-16F7-4668-BE54-9A1E7A4F7556}") = "Blazorise.Icons.Material", "Source\Extensions\Blazorise.Icons.Material\Blazorise.Icons.Material.csproj", "{CB842015-5693-4E07-A819-FB46D9CF2DBF}"
EndProject
Project("{9A19103F-16F7-4668-BE54-9A1E7A4F7556}") = "BasicTestApp.Server", "Tests\BasicTestApp.Server\BasicTestApp.Server.csproj", "{ACAD2FC6-F3DE-40C0-A5BC-DB214B2C66F9}"
EndProject
Project("{9A19103F-16F7-4668-BE54-9A1E7A4F7556}") = "BasicTestApp.Client", "Tests\BasicTestApp.Client\BasicTestApp.Client.csproj", "{3BAB3F4A-3177-44EF-8F52-F76DDDCCE59F}"
EndProject
Project("{2150E333-8FDC-42A3-9474-1A3956D46DE8}") = "Solution Items", "Solution Items", "{D1FF70C6-E002-47C3-B2D0-D0FFEF2BF37A}"
	ProjectSection(SolutionItems) = preProject
		.editorconfig = .editorconfig
	EndProjectSection
EndProject
Project("{9A19103F-16F7-4668-BE54-9A1E7A4F7556}") = "Blazorise.Charts.Streaming", "Source\Extensions\Blazorise.Charts.Streaming\Blazorise.Charts.Streaming.csproj", "{9AA305DA-A667-49E6-BDDA-7C976AD5BB3B}"
EndProject
Project("{9A19103F-16F7-4668-BE54-9A1E7A4F7556}") = "Blazorise.AntDesign", "Source\Blazorise.AntDesign\Blazorise.AntDesign.csproj", "{17A07D2C-4182-4493-8894-C7D141030CB8}"
EndProject
Project("{2150E333-8FDC-42A3-9474-1A3956D46DE8}") = "Demos", "Demos", "{C2D0A89F-530E-413F-9D0E-9EE2129A2275}"
EndProject
Project("{9A19103F-16F7-4668-BE54-9A1E7A4F7556}") = "Blazorise.Demo", "Demos\Blazorise.Demo\Blazorise.Demo.csproj", "{03DE2645-88E7-4A06-AEDE-99090878C4B0}"
EndProject
Project("{9A19103F-16F7-4668-BE54-9A1E7A4F7556}") = "Blazorise.Demo.AntDesign", "Demos\Blazorise.Demo.AntDesign\Blazorise.Demo.AntDesign.csproj", "{39CCE894-2049-493F-9B49-2D8B94E4A1B6}"
EndProject
Project("{9A19103F-16F7-4668-BE54-9A1E7A4F7556}") = "Blazorise.Demo.AntDesign.Server", "Demos\Blazorise.Demo.AntDesign.Server\Blazorise.Demo.AntDesign.Server.csproj", "{00D758F6-B466-47C3-9937-0A341C472B72}"
EndProject
Project("{9A19103F-16F7-4668-BE54-9A1E7A4F7556}") = "Blazorise.Demo.Bootstrap", "Demos\Blazorise.Demo.Bootstrap\Blazorise.Demo.Bootstrap.csproj", "{36BE2535-4CAB-4D2D-8EC8-A5396214EA91}"
EndProject
Project("{9A19103F-16F7-4668-BE54-9A1E7A4F7556}") = "Blazorise.Demo.Bootstrap.RC", "Demos\Blazorise.Demo.Bootstrap.RC\Blazorise.Demo.Bootstrap.RC.csproj", "{4D681CA4-6EEA-459C-9E66-3C0F140E2E45}"
EndProject
Project("{9A19103F-16F7-4668-BE54-9A1E7A4F7556}") = "Blazorise.Demo.Bootstrap.Server", "Demos\Blazorise.Demo.Bootstrap.Server\Blazorise.Demo.Bootstrap.Server.csproj", "{2B39F3D9-4721-4EA7-9272-708238D1208F}"
EndProject
Project("{9A19103F-16F7-4668-BE54-9A1E7A4F7556}") = "Blazorise.Demo.Bulma", "Demos\Blazorise.Demo.Bulma\Blazorise.Demo.Bulma.csproj", "{71232D47-6012-4FEC-A52A-86301FAA0AE8}"
EndProject
Project("{9A19103F-16F7-4668-BE54-9A1E7A4F7556}") = "Blazorise.Demo.Bulma.Server", "Demos\Blazorise.Demo.Bulma.Server\Blazorise.Demo.Bulma.Server.csproj", "{339A3E45-2F53-4E9A-8FE2-2C6B638B2E50}"
EndProject
Project("{9A19103F-16F7-4668-BE54-9A1E7A4F7556}") = "Blazorise.Demo.Frolic", "Demos\Blazorise.Demo.Frolic\Blazorise.Demo.Frolic.csproj", "{645B1BC3-6105-42F7-A159-51920259BA1B}"
EndProject
Project("{9A19103F-16F7-4668-BE54-9A1E7A4F7556}") = "Blazorise.Demo.Frolic.Server", "Demos\Blazorise.Demo.Frolic.Server\Blazorise.Demo.Frolic.Server.csproj", "{95AD0EF5-BB81-461D-B8A0-75ED75D7D50D}"
EndProject
Project("{9A19103F-16F7-4668-BE54-9A1E7A4F7556}") = "Blazorise.Demo.Material", "Demos\Blazorise.Demo.Material\Blazorise.Demo.Material.csproj", "{4DEB65E7-40BA-409E-9C26-6EF75ADF2601}"
EndProject
Project("{9A19103F-16F7-4668-BE54-9A1E7A4F7556}") = "Blazorise.Demo.Material.Server", "Demos\Blazorise.Demo.Material.Server\Blazorise.Demo.Material.Server.csproj", "{7F38FA0F-3923-4EF9-909D-BB512B966DC4}"
EndProject
Project("{9A19103F-16F7-4668-BE54-9A1E7A4F7556}") = "TodoApp", "Demos\Apps\TodoApp\TodoApp.csproj", "{FD072A38-6D23-49C1-93F9-4D7584A8A4A7}"
EndProject
Project("{2150E333-8FDC-42A3-9474-1A3956D46DE8}") = "Apps", "Apps", "{47240431-396C-4187-941A-9511D7B79D8D}"
EndProject
Project("{9A19103F-16F7-4668-BE54-9A1E7A4F7556}") = "Blazorise.E2ETests", "Tests\Blazorise.E2ETests\Blazorise.E2ETests.csproj", "{A4218BB6-81C3-47A6-80F2-6FF6E227D142}"
EndProject
Project("{9A19103F-16F7-4668-BE54-9A1E7A4F7556}") = "Blazorise.Tests", "Tests\Blazorise.Tests\Blazorise.Tests.csproj", "{8D91050E-1ACF-40C5-9DA4-5F94AB149A5E}"
EndProject
Project("{9A19103F-16F7-4668-BE54-9A1E7A4F7556}") = "Blazorise.RichTextEdit", "Source\Extensions\Blazorise.RichTextEdit\Blazorise.RichTextEdit.csproj", "{EB4A0C35-C45D-4F0F-BF03-3ACFB53CB865}"
EndProject
Project("{9A19103F-16F7-4668-BE54-9A1E7A4F7556}") = "Blazorise.TreeView", "Source\Extensions\Blazorise.TreeView\Blazorise.TreeView.csproj", "{83B3D727-2C23-4A95-8478-85A854BA8325}"
EndProject
Project("{FAE04EC0-301F-11D3-BF4B-00C04F79EFBC}") = "Blazorise.Animate", "Source\Extensions\Blazorise.Animate\Blazorise.Animate.csproj", "{4D0B561C-B957-4D02-861F-2E1968D6BC1F}"
EndProject
Global
	GlobalSection(SolutionConfigurationPlatforms) = preSolution
		Debug|Any CPU = Debug|Any CPU
		Release|Any CPU = Release|Any CPU
	EndGlobalSection
	GlobalSection(ProjectConfigurationPlatforms) = postSolution
		{4FB6A3AB-A9AD-4F7A-8B53-168B3BF02C03}.Debug|Any CPU.ActiveCfg = Debug|Any CPU
		{4FB6A3AB-A9AD-4F7A-8B53-168B3BF02C03}.Debug|Any CPU.Build.0 = Debug|Any CPU
		{4FB6A3AB-A9AD-4F7A-8B53-168B3BF02C03}.Release|Any CPU.ActiveCfg = Release|Any CPU
		{4FB6A3AB-A9AD-4F7A-8B53-168B3BF02C03}.Release|Any CPU.Build.0 = Release|Any CPU
		{01546D2B-3805-4C22-9154-A60A8A42B70A}.Debug|Any CPU.ActiveCfg = Debug|Any CPU
		{01546D2B-3805-4C22-9154-A60A8A42B70A}.Debug|Any CPU.Build.0 = Debug|Any CPU
		{01546D2B-3805-4C22-9154-A60A8A42B70A}.Release|Any CPU.ActiveCfg = Release|Any CPU
		{01546D2B-3805-4C22-9154-A60A8A42B70A}.Release|Any CPU.Build.0 = Release|Any CPU
		{FFAF9BF2-3560-4C1F-80C3-CE3870FC685E}.Debug|Any CPU.ActiveCfg = Debug|Any CPU
		{FFAF9BF2-3560-4C1F-80C3-CE3870FC685E}.Debug|Any CPU.Build.0 = Debug|Any CPU
		{FFAF9BF2-3560-4C1F-80C3-CE3870FC685E}.Release|Any CPU.ActiveCfg = Release|Any CPU
		{FFAF9BF2-3560-4C1F-80C3-CE3870FC685E}.Release|Any CPU.Build.0 = Release|Any CPU
		{76C16796-0F1D-4326-B3AC-466E02643F91}.Debug|Any CPU.ActiveCfg = Debug|Any CPU
		{76C16796-0F1D-4326-B3AC-466E02643F91}.Debug|Any CPU.Build.0 = Debug|Any CPU
		{76C16796-0F1D-4326-B3AC-466E02643F91}.Release|Any CPU.ActiveCfg = Release|Any CPU
		{76C16796-0F1D-4326-B3AC-466E02643F91}.Release|Any CPU.Build.0 = Release|Any CPU
		{BB2CA5F2-CB01-48E1-BF62-2A4CB6A38DF3}.Debug|Any CPU.ActiveCfg = Debug|Any CPU
		{BB2CA5F2-CB01-48E1-BF62-2A4CB6A38DF3}.Debug|Any CPU.Build.0 = Debug|Any CPU
		{BB2CA5F2-CB01-48E1-BF62-2A4CB6A38DF3}.Release|Any CPU.ActiveCfg = Release|Any CPU
		{BB2CA5F2-CB01-48E1-BF62-2A4CB6A38DF3}.Release|Any CPU.Build.0 = Release|Any CPU
		{C33071AD-3E5B-4447-A6F4-ADADE591534F}.Debug|Any CPU.ActiveCfg = Debug|Any CPU
		{C33071AD-3E5B-4447-A6F4-ADADE591534F}.Debug|Any CPU.Build.0 = Debug|Any CPU
		{C33071AD-3E5B-4447-A6F4-ADADE591534F}.Release|Any CPU.ActiveCfg = Release|Any CPU
		{C33071AD-3E5B-4447-A6F4-ADADE591534F}.Release|Any CPU.Build.0 = Release|Any CPU
		{A086A010-6FA4-442E-A44B-3EF211506C48}.Debug|Any CPU.ActiveCfg = Debug|Any CPU
		{A086A010-6FA4-442E-A44B-3EF211506C48}.Debug|Any CPU.Build.0 = Debug|Any CPU
		{A086A010-6FA4-442E-A44B-3EF211506C48}.Release|Any CPU.ActiveCfg = Release|Any CPU
		{A086A010-6FA4-442E-A44B-3EF211506C48}.Release|Any CPU.Build.0 = Release|Any CPU
		{DF3979B1-01AC-4B6D-B2B5-DAEF80614C48}.Debug|Any CPU.ActiveCfg = Debug|Any CPU
		{DF3979B1-01AC-4B6D-B2B5-DAEF80614C48}.Debug|Any CPU.Build.0 = Debug|Any CPU
		{DF3979B1-01AC-4B6D-B2B5-DAEF80614C48}.Release|Any CPU.ActiveCfg = Release|Any CPU
		{DF3979B1-01AC-4B6D-B2B5-DAEF80614C48}.Release|Any CPU.Build.0 = Release|Any CPU
		{07772BA5-4FC4-4B20-A52E-A68AF79AFD7E}.Debug|Any CPU.ActiveCfg = Debug|Any CPU
		{07772BA5-4FC4-4B20-A52E-A68AF79AFD7E}.Debug|Any CPU.Build.0 = Debug|Any CPU
		{07772BA5-4FC4-4B20-A52E-A68AF79AFD7E}.Release|Any CPU.ActiveCfg = Release|Any CPU
		{07772BA5-4FC4-4B20-A52E-A68AF79AFD7E}.Release|Any CPU.Build.0 = Release|Any CPU
		{70406C82-2AC5-4CA8-8D72-0C014B3B1FA2}.Debug|Any CPU.ActiveCfg = Debug|Any CPU
		{70406C82-2AC5-4CA8-8D72-0C014B3B1FA2}.Debug|Any CPU.Build.0 = Debug|Any CPU
		{70406C82-2AC5-4CA8-8D72-0C014B3B1FA2}.Release|Any CPU.ActiveCfg = Release|Any CPU
		{70406C82-2AC5-4CA8-8D72-0C014B3B1FA2}.Release|Any CPU.Build.0 = Release|Any CPU
		{B8ABAE4B-F2A8-477D-A72F-3DA1A7DA4A47}.Debug|Any CPU.ActiveCfg = Debug|Any CPU
		{B8ABAE4B-F2A8-477D-A72F-3DA1A7DA4A47}.Debug|Any CPU.Build.0 = Debug|Any CPU
		{B8ABAE4B-F2A8-477D-A72F-3DA1A7DA4A47}.Release|Any CPU.ActiveCfg = Release|Any CPU
		{B8ABAE4B-F2A8-477D-A72F-3DA1A7DA4A47}.Release|Any CPU.Build.0 = Release|Any CPU
		{CB842015-5693-4E07-A819-FB46D9CF2DBF}.Debug|Any CPU.ActiveCfg = Debug|Any CPU
		{CB842015-5693-4E07-A819-FB46D9CF2DBF}.Debug|Any CPU.Build.0 = Debug|Any CPU
		{CB842015-5693-4E07-A819-FB46D9CF2DBF}.Release|Any CPU.ActiveCfg = Release|Any CPU
		{CB842015-5693-4E07-A819-FB46D9CF2DBF}.Release|Any CPU.Build.0 = Release|Any CPU
		{ACAD2FC6-F3DE-40C0-A5BC-DB214B2C66F9}.Debug|Any CPU.ActiveCfg = Debug|Any CPU
		{ACAD2FC6-F3DE-40C0-A5BC-DB214B2C66F9}.Debug|Any CPU.Build.0 = Debug|Any CPU
		{ACAD2FC6-F3DE-40C0-A5BC-DB214B2C66F9}.Release|Any CPU.ActiveCfg = Release|Any CPU
		{ACAD2FC6-F3DE-40C0-A5BC-DB214B2C66F9}.Release|Any CPU.Build.0 = Release|Any CPU
		{3BAB3F4A-3177-44EF-8F52-F76DDDCCE59F}.Debug|Any CPU.ActiveCfg = Debug|Any CPU
		{3BAB3F4A-3177-44EF-8F52-F76DDDCCE59F}.Debug|Any CPU.Build.0 = Debug|Any CPU
		{3BAB3F4A-3177-44EF-8F52-F76DDDCCE59F}.Release|Any CPU.ActiveCfg = Release|Any CPU
		{3BAB3F4A-3177-44EF-8F52-F76DDDCCE59F}.Release|Any CPU.Build.0 = Release|Any CPU
		{9AA305DA-A667-49E6-BDDA-7C976AD5BB3B}.Debug|Any CPU.ActiveCfg = Debug|Any CPU
		{9AA305DA-A667-49E6-BDDA-7C976AD5BB3B}.Debug|Any CPU.Build.0 = Debug|Any CPU
		{9AA305DA-A667-49E6-BDDA-7C976AD5BB3B}.Release|Any CPU.ActiveCfg = Release|Any CPU
		{9AA305DA-A667-49E6-BDDA-7C976AD5BB3B}.Release|Any CPU.Build.0 = Release|Any CPU
		{17A07D2C-4182-4493-8894-C7D141030CB8}.Debug|Any CPU.ActiveCfg = Debug|Any CPU
		{17A07D2C-4182-4493-8894-C7D141030CB8}.Debug|Any CPU.Build.0 = Debug|Any CPU
		{17A07D2C-4182-4493-8894-C7D141030CB8}.Release|Any CPU.ActiveCfg = Release|Any CPU
		{17A07D2C-4182-4493-8894-C7D141030CB8}.Release|Any CPU.Build.0 = Release|Any CPU
		{03DE2645-88E7-4A06-AEDE-99090878C4B0}.Debug|Any CPU.ActiveCfg = Debug|Any CPU
		{03DE2645-88E7-4A06-AEDE-99090878C4B0}.Debug|Any CPU.Build.0 = Debug|Any CPU
		{03DE2645-88E7-4A06-AEDE-99090878C4B0}.Release|Any CPU.ActiveCfg = Release|Any CPU
		{03DE2645-88E7-4A06-AEDE-99090878C4B0}.Release|Any CPU.Build.0 = Release|Any CPU
		{39CCE894-2049-493F-9B49-2D8B94E4A1B6}.Debug|Any CPU.ActiveCfg = Debug|Any CPU
		{39CCE894-2049-493F-9B49-2D8B94E4A1B6}.Debug|Any CPU.Build.0 = Debug|Any CPU
		{39CCE894-2049-493F-9B49-2D8B94E4A1B6}.Release|Any CPU.ActiveCfg = Release|Any CPU
		{39CCE894-2049-493F-9B49-2D8B94E4A1B6}.Release|Any CPU.Build.0 = Release|Any CPU
		{00D758F6-B466-47C3-9937-0A341C472B72}.Debug|Any CPU.ActiveCfg = Debug|Any CPU
		{00D758F6-B466-47C3-9937-0A341C472B72}.Debug|Any CPU.Build.0 = Debug|Any CPU
		{00D758F6-B466-47C3-9937-0A341C472B72}.Release|Any CPU.ActiveCfg = Release|Any CPU
		{00D758F6-B466-47C3-9937-0A341C472B72}.Release|Any CPU.Build.0 = Release|Any CPU
		{36BE2535-4CAB-4D2D-8EC8-A5396214EA91}.Debug|Any CPU.ActiveCfg = Debug|Any CPU
		{36BE2535-4CAB-4D2D-8EC8-A5396214EA91}.Debug|Any CPU.Build.0 = Debug|Any CPU
		{36BE2535-4CAB-4D2D-8EC8-A5396214EA91}.Release|Any CPU.ActiveCfg = Release|Any CPU
		{36BE2535-4CAB-4D2D-8EC8-A5396214EA91}.Release|Any CPU.Build.0 = Release|Any CPU
		{4D681CA4-6EEA-459C-9E66-3C0F140E2E45}.Debug|Any CPU.ActiveCfg = Debug|Any CPU
		{4D681CA4-6EEA-459C-9E66-3C0F140E2E45}.Debug|Any CPU.Build.0 = Debug|Any CPU
		{4D681CA4-6EEA-459C-9E66-3C0F140E2E45}.Release|Any CPU.ActiveCfg = Release|Any CPU
		{4D681CA4-6EEA-459C-9E66-3C0F140E2E45}.Release|Any CPU.Build.0 = Release|Any CPU
		{2B39F3D9-4721-4EA7-9272-708238D1208F}.Debug|Any CPU.ActiveCfg = Debug|Any CPU
		{2B39F3D9-4721-4EA7-9272-708238D1208F}.Debug|Any CPU.Build.0 = Debug|Any CPU
		{2B39F3D9-4721-4EA7-9272-708238D1208F}.Release|Any CPU.ActiveCfg = Release|Any CPU
		{2B39F3D9-4721-4EA7-9272-708238D1208F}.Release|Any CPU.Build.0 = Release|Any CPU
		{71232D47-6012-4FEC-A52A-86301FAA0AE8}.Debug|Any CPU.ActiveCfg = Debug|Any CPU
		{71232D47-6012-4FEC-A52A-86301FAA0AE8}.Debug|Any CPU.Build.0 = Debug|Any CPU
		{71232D47-6012-4FEC-A52A-86301FAA0AE8}.Release|Any CPU.ActiveCfg = Release|Any CPU
		{71232D47-6012-4FEC-A52A-86301FAA0AE8}.Release|Any CPU.Build.0 = Release|Any CPU
		{339A3E45-2F53-4E9A-8FE2-2C6B638B2E50}.Debug|Any CPU.ActiveCfg = Debug|Any CPU
		{339A3E45-2F53-4E9A-8FE2-2C6B638B2E50}.Debug|Any CPU.Build.0 = Debug|Any CPU
		{339A3E45-2F53-4E9A-8FE2-2C6B638B2E50}.Release|Any CPU.ActiveCfg = Release|Any CPU
		{339A3E45-2F53-4E9A-8FE2-2C6B638B2E50}.Release|Any CPU.Build.0 = Release|Any CPU
		{645B1BC3-6105-42F7-A159-51920259BA1B}.Debug|Any CPU.ActiveCfg = Debug|Any CPU
		{645B1BC3-6105-42F7-A159-51920259BA1B}.Debug|Any CPU.Build.0 = Debug|Any CPU
		{645B1BC3-6105-42F7-A159-51920259BA1B}.Release|Any CPU.ActiveCfg = Release|Any CPU
		{645B1BC3-6105-42F7-A159-51920259BA1B}.Release|Any CPU.Build.0 = Release|Any CPU
		{95AD0EF5-BB81-461D-B8A0-75ED75D7D50D}.Debug|Any CPU.ActiveCfg = Debug|Any CPU
		{95AD0EF5-BB81-461D-B8A0-75ED75D7D50D}.Debug|Any CPU.Build.0 = Debug|Any CPU
		{95AD0EF5-BB81-461D-B8A0-75ED75D7D50D}.Release|Any CPU.ActiveCfg = Release|Any CPU
		{95AD0EF5-BB81-461D-B8A0-75ED75D7D50D}.Release|Any CPU.Build.0 = Release|Any CPU
		{4DEB65E7-40BA-409E-9C26-6EF75ADF2601}.Debug|Any CPU.ActiveCfg = Debug|Any CPU
		{4DEB65E7-40BA-409E-9C26-6EF75ADF2601}.Debug|Any CPU.Build.0 = Debug|Any CPU
		{4DEB65E7-40BA-409E-9C26-6EF75ADF2601}.Release|Any CPU.ActiveCfg = Release|Any CPU
		{4DEB65E7-40BA-409E-9C26-6EF75ADF2601}.Release|Any CPU.Build.0 = Release|Any CPU
		{7F38FA0F-3923-4EF9-909D-BB512B966DC4}.Debug|Any CPU.ActiveCfg = Debug|Any CPU
		{7F38FA0F-3923-4EF9-909D-BB512B966DC4}.Debug|Any CPU.Build.0 = Debug|Any CPU
		{7F38FA0F-3923-4EF9-909D-BB512B966DC4}.Release|Any CPU.ActiveCfg = Release|Any CPU
		{7F38FA0F-3923-4EF9-909D-BB512B966DC4}.Release|Any CPU.Build.0 = Release|Any CPU
		{FD072A38-6D23-49C1-93F9-4D7584A8A4A7}.Debug|Any CPU.ActiveCfg = Debug|Any CPU
		{FD072A38-6D23-49C1-93F9-4D7584A8A4A7}.Debug|Any CPU.Build.0 = Debug|Any CPU
		{FD072A38-6D23-49C1-93F9-4D7584A8A4A7}.Release|Any CPU.ActiveCfg = Release|Any CPU
		{FD072A38-6D23-49C1-93F9-4D7584A8A4A7}.Release|Any CPU.Build.0 = Release|Any CPU
		{A4218BB6-81C3-47A6-80F2-6FF6E227D142}.Debug|Any CPU.ActiveCfg = Debug|Any CPU
		{A4218BB6-81C3-47A6-80F2-6FF6E227D142}.Debug|Any CPU.Build.0 = Debug|Any CPU
		{A4218BB6-81C3-47A6-80F2-6FF6E227D142}.Release|Any CPU.ActiveCfg = Release|Any CPU
		{A4218BB6-81C3-47A6-80F2-6FF6E227D142}.Release|Any CPU.Build.0 = Release|Any CPU
		{8D91050E-1ACF-40C5-9DA4-5F94AB149A5E}.Debug|Any CPU.ActiveCfg = Debug|Any CPU
		{8D91050E-1ACF-40C5-9DA4-5F94AB149A5E}.Debug|Any CPU.Build.0 = Debug|Any CPU
		{8D91050E-1ACF-40C5-9DA4-5F94AB149A5E}.Release|Any CPU.ActiveCfg = Release|Any CPU
		{8D91050E-1ACF-40C5-9DA4-5F94AB149A5E}.Release|Any CPU.Build.0 = Release|Any CPU
		{EB4A0C35-C45D-4F0F-BF03-3ACFB53CB865}.Debug|Any CPU.ActiveCfg = Debug|Any CPU
		{EB4A0C35-C45D-4F0F-BF03-3ACFB53CB865}.Debug|Any CPU.Build.0 = Debug|Any CPU
		{EB4A0C35-C45D-4F0F-BF03-3ACFB53CB865}.Release|Any CPU.ActiveCfg = Release|Any CPU
		{EB4A0C35-C45D-4F0F-BF03-3ACFB53CB865}.Release|Any CPU.Build.0 = Release|Any CPU
		{83B3D727-2C23-4A95-8478-85A854BA8325}.Debug|Any CPU.ActiveCfg = Debug|Any CPU
		{83B3D727-2C23-4A95-8478-85A854BA8325}.Debug|Any CPU.Build.0 = Debug|Any CPU
		{83B3D727-2C23-4A95-8478-85A854BA8325}.Release|Any CPU.ActiveCfg = Release|Any CPU
		{83B3D727-2C23-4A95-8478-85A854BA8325}.Release|Any CPU.Build.0 = Release|Any CPU
		{4D0B561C-B957-4D02-861F-2E1968D6BC1F}.Debug|Any CPU.ActiveCfg = Debug|Any CPU
		{4D0B561C-B957-4D02-861F-2E1968D6BC1F}.Debug|Any CPU.Build.0 = Debug|Any CPU
		{4D0B561C-B957-4D02-861F-2E1968D6BC1F}.Release|Any CPU.ActiveCfg = Release|Any CPU
		{4D0B561C-B957-4D02-861F-2E1968D6BC1F}.Release|Any CPU.Build.0 = Release|Any CPU
	EndGlobalSection
	GlobalSection(SolutionProperties) = preSolution
		HideSolutionNode = FALSE
	EndGlobalSection
	GlobalSection(NestedProjects) = preSolution
		{4FB6A3AB-A9AD-4F7A-8B53-168B3BF02C03} = {73CD9574-5204-442D-A67C-CA7B038057C2}
		{01546D2B-3805-4C22-9154-A60A8A42B70A} = {73CD9574-5204-442D-A67C-CA7B038057C2}
		{FFAF9BF2-3560-4C1F-80C3-CE3870FC685E} = {73CD9574-5204-442D-A67C-CA7B038057C2}
		{76C16796-0F1D-4326-B3AC-466E02643F91} = {73CD9574-5204-442D-A67C-CA7B038057C2}
		{BB2CA5F2-CB01-48E1-BF62-2A4CB6A38DF3} = {73CD9574-5204-442D-A67C-CA7B038057C2}
		{9731051E-0AA7-411E-A76A-987854F034DA} = {73CD9574-5204-442D-A67C-CA7B038057C2}
		{C33071AD-3E5B-4447-A6F4-ADADE591534F} = {9731051E-0AA7-411E-A76A-987854F034DA}
		{A086A010-6FA4-442E-A44B-3EF211506C48} = {9731051E-0AA7-411E-A76A-987854F034DA}
		{DF3979B1-01AC-4B6D-B2B5-DAEF80614C48} = {9731051E-0AA7-411E-A76A-987854F034DA}
		{07772BA5-4FC4-4B20-A52E-A68AF79AFD7E} = {9731051E-0AA7-411E-A76A-987854F034DA}
		{70406C82-2AC5-4CA8-8D72-0C014B3B1FA2} = {9731051E-0AA7-411E-A76A-987854F034DA}
		{B8ABAE4B-F2A8-477D-A72F-3DA1A7DA4A47} = {9731051E-0AA7-411E-A76A-987854F034DA}
		{CB842015-5693-4E07-A819-FB46D9CF2DBF} = {9731051E-0AA7-411E-A76A-987854F034DA}
		{ACAD2FC6-F3DE-40C0-A5BC-DB214B2C66F9} = {D04C5874-4D6A-493E-8CF4-6C7922198563}
		{3BAB3F4A-3177-44EF-8F52-F76DDDCCE59F} = {D04C5874-4D6A-493E-8CF4-6C7922198563}
		{9AA305DA-A667-49E6-BDDA-7C976AD5BB3B} = {9731051E-0AA7-411E-A76A-987854F034DA}
		{17A07D2C-4182-4493-8894-C7D141030CB8} = {73CD9574-5204-442D-A67C-CA7B038057C2}
		{03DE2645-88E7-4A06-AEDE-99090878C4B0} = {C2D0A89F-530E-413F-9D0E-9EE2129A2275}
		{39CCE894-2049-493F-9B49-2D8B94E4A1B6} = {C2D0A89F-530E-413F-9D0E-9EE2129A2275}
		{00D758F6-B466-47C3-9937-0A341C472B72} = {C2D0A89F-530E-413F-9D0E-9EE2129A2275}
		{36BE2535-4CAB-4D2D-8EC8-A5396214EA91} = {C2D0A89F-530E-413F-9D0E-9EE2129A2275}
		{4D681CA4-6EEA-459C-9E66-3C0F140E2E45} = {C2D0A89F-530E-413F-9D0E-9EE2129A2275}
		{2B39F3D9-4721-4EA7-9272-708238D1208F} = {C2D0A89F-530E-413F-9D0E-9EE2129A2275}
		{71232D47-6012-4FEC-A52A-86301FAA0AE8} = {C2D0A89F-530E-413F-9D0E-9EE2129A2275}
		{339A3E45-2F53-4E9A-8FE2-2C6B638B2E50} = {C2D0A89F-530E-413F-9D0E-9EE2129A2275}
		{645B1BC3-6105-42F7-A159-51920259BA1B} = {C2D0A89F-530E-413F-9D0E-9EE2129A2275}
		{95AD0EF5-BB81-461D-B8A0-75ED75D7D50D} = {C2D0A89F-530E-413F-9D0E-9EE2129A2275}
		{4DEB65E7-40BA-409E-9C26-6EF75ADF2601} = {C2D0A89F-530E-413F-9D0E-9EE2129A2275}
		{7F38FA0F-3923-4EF9-909D-BB512B966DC4} = {C2D0A89F-530E-413F-9D0E-9EE2129A2275}
		{FD072A38-6D23-49C1-93F9-4D7584A8A4A7} = {47240431-396C-4187-941A-9511D7B79D8D}
		{47240431-396C-4187-941A-9511D7B79D8D} = {C2D0A89F-530E-413F-9D0E-9EE2129A2275}
		{A4218BB6-81C3-47A6-80F2-6FF6E227D142} = {D04C5874-4D6A-493E-8CF4-6C7922198563}
		{8D91050E-1ACF-40C5-9DA4-5F94AB149A5E} = {D04C5874-4D6A-493E-8CF4-6C7922198563}
		{EB4A0C35-C45D-4F0F-BF03-3ACFB53CB865} = {9731051E-0AA7-411E-A76A-987854F034DA}
		{83B3D727-2C23-4A95-8478-85A854BA8325} = {9731051E-0AA7-411E-A76A-987854F034DA}
		{4D0B561C-B957-4D02-861F-2E1968D6BC1F} = {9731051E-0AA7-411E-A76A-987854F034DA}
	EndGlobalSection
	GlobalSection(ExtensibilityGlobals) = postSolution
		SolutionGuid = {205B3EA4-470F-45DA-911E-346AF7D0A9A5}
	EndGlobalSection
EndGlobal
