
Microsoft Visual Studio Solution File, Format Version 12.00
# Visual Studio Version 16
VisualStudioVersion = 16.0.28531.58
MinimumVisualStudioVersion = 10.0.40219.1
Project("{2150E333-8FDC-42A3-9474-1A3956D46DE8}") = "Source", "Source", "{73CD9574-5204-442D-A67C-CA7B038057C2}"
EndProject
Project("{9A19103F-16F7-4668-BE54-9A1E7A4F7556}") = "Blazorise", "Source\Blazorise\Blazorise.csproj", "{4FB6A3AB-A9AD-4F7A-8B53-168B3BF02C03}"
EndProject
Project("{9A19103F-16F7-4668-BE54-9A1E7A4F7556}") = "Blazorise.Bootstrap", "Source\Blazorise.Bootstrap\Blazorise.Bootstrap.csproj", "{01546D2B-3805-4C22-9154-A60A8A42B70A}"
EndProject
Project("{9A19103F-16F7-4668-BE54-9A1E7A4F7556}") = "Blazorise.Bulma", "Source\Blazorise.Bulma\Blazorise.Bulma.csproj", "{FFAF9BF2-3560-4C1F-80C3-CE3870FC685E}"
EndProject
Project("{9A19103F-16F7-4668-BE54-9A1E7A4F7556}") = "Blazorise.Material", "Source\Blazorise.Material\Blazorise.Material.csproj", "{76C16796-0F1D-4326-B3AC-466E02643F91}"
EndProject
Project("{9A19103F-16F7-4668-BE54-9A1E7A4F7556}") = "Blazorise.Frolic", "Source\Blazorise.Frolic\Blazorise.Frolic.csproj", "{BB2CA5F2-CB01-48E1-BF62-2A4CB6A38DF3}"
EndProject
Project("{2150E333-8FDC-42A3-9474-1A3956D46DE8}") = "Tests", "Tests", "{D04C5874-4D6A-493E-8CF4-6C7922198563}"
EndProject
Project("{9A19103F-16F7-4668-BE54-9A1E7A4F7556}") = "Blazorise.Demo", "Tests\Blazorise.Demo\Blazorise.Demo.csproj", "{AB8A2631-24E9-47C3-8D41-9AA554D39FF1}"
EndProject
Project("{9A19103F-16F7-4668-BE54-9A1E7A4F7556}") = "Blazorise.Demo.Material.Server", "Tests\Blazorise.Demo.Material.Server\Blazorise.Demo.Material.Server.csproj", "{CC65C49C-86C1-427B-B6DD-A44A28AC0AC6}"
EndProject
Project("{9A19103F-16F7-4668-BE54-9A1E7A4F7556}") = "Blazorise.Demo.Bulma.Server", "Tests\Blazorise.Demo.Bulma.Server\Blazorise.Demo.Bulma.Server.csproj", "{11AEDFA7-CDF6-45AD-BCB8-8C09650BA614}"
EndProject
Project("{9A19103F-16F7-4668-BE54-9A1E7A4F7556}") = "Blazorise.Demo.Bootstrap", "Tests\Blazorise.Demo.Bootstrap\Blazorise.Demo.Bootstrap.csproj", "{CD6F7B1B-2EA0-4CA5-9F43-C54E231A351F}"
EndProject
Project("{9A19103F-16F7-4668-BE54-9A1E7A4F7556}") = "Blazorise.Demo.Bootstrap.Server", "Tests\Blazorise.Demo.Bootstrap.Server\Blazorise.Demo.Bootstrap.Server.csproj", "{1805598F-B7F9-4764-935E-8F158FE3A70A}"
EndProject
Project("{9A19103F-16F7-4668-BE54-9A1E7A4F7556}") = "Blazorise.Demo.Bulma", "Tests\Blazorise.Demo.Bulma\Blazorise.Demo.Bulma.csproj", "{FF52D10F-B416-4954-AE2B-3AB5158EA388}"
EndProject
Project("{9A19103F-16F7-4668-BE54-9A1E7A4F7556}") = "Blazorise.Demo.Material", "Tests\Blazorise.Demo.Material\Blazorise.Demo.Material.csproj", "{946531BF-1445-4413-82E2-1B3238D77D6A}"
EndProject
Project("{9A19103F-16F7-4668-BE54-9A1E7A4F7556}") = "Blazorise.Demo.Frolic", "Tests\Blazorise.Demo.Frolic\Blazorise.Demo.Frolic.csproj", "{CDBA0699-8974-4214-A64A-695CC05187B2}"
EndProject
Project("{9A19103F-16F7-4668-BE54-9A1E7A4F7556}") = "Blazorise.Demo.Frolic.Server", "Tests\Blazorise.Demo.Frolic.Server\Blazorise.Demo.Frolic.Server.csproj", "{38C2CB76-682B-4156-9890-C4A9BF6E9EB4}"
EndProject
Project("{2150E333-8FDC-42A3-9474-1A3956D46DE8}") = "Extensions", "Extensions", "{9731051E-0AA7-411E-A76A-987854F034DA}"
EndProject
Project("{9A19103F-16F7-4668-BE54-9A1E7A4F7556}") = "Blazorise.Snackbar", "Source\Extensions\Blazorise.Snackbar\Blazorise.Snackbar.csproj", "{C33071AD-3E5B-4447-A6F4-ADADE591534F}"
EndProject
Project("{9A19103F-16F7-4668-BE54-9A1E7A4F7556}") = "Blazorise.Charts", "Source\Extensions\Blazorise.Charts\Blazorise.Charts.csproj", "{A086A010-6FA4-442E-A44B-3EF211506C48}"
EndProject
Project("{9A19103F-16F7-4668-BE54-9A1E7A4F7556}") = "Blazorise.Sidebar", "Source\Extensions\Blazorise.Sidebar\Blazorise.Sidebar.csproj", "{07772BA5-4FC4-4B20-A52E-A68AF79AFD7E}"
EndProject
Project("{2150E333-8FDC-42A3-9474-1A3956D46DE8}") = "Apps", "Apps", "{DCFDDB03-833A-477F-AAD8-E4C304FD7767}"
EndProject
Project("{9A19103F-16F7-4668-BE54-9A1E7A4F7556}") = "TodoApp", "Tests\Apps\TodoApp\TodoApp.csproj", "{542B2F53-F9AB-49B8-A688-056970C21C18}"
EndProject
Project("{9A19103F-16F7-4668-BE54-9A1E7A4F7556}") = "Blazorise.Icons.FontAwesome", "Source\Extensions\Blazorise.Icons.FontAwesome\Blazorise.Icons.FontAwesome.csproj", "{B8ABAE4B-F2A8-477D-A72F-3DA1A7DA4A47}"
EndProject
Project("{9A19103F-16F7-4668-BE54-9A1E7A4F7556}") = "Blazorise.Icons.Material", "Source\Extensions\Blazorise.Icons.Material\Blazorise.Icons.Material.csproj", "{CB842015-5693-4E07-A819-FB46D9CF2DBF}"
EndProject
Project("{9A19103F-16F7-4668-BE54-9A1E7A4F7556}") = "Blazorise.UnitTests", "Tests\Blazorise.UnitTests\Blazorise.UnitTests.csproj", "{B4563EEC-6076-497D-B877-D8D809F8C33B}"
EndProject
Project("{9A19103F-16F7-4668-BE54-9A1E7A4F7556}") = "BasicTestApp.Server", "Tests\BasicTestApp.Server\BasicTestApp.Server.csproj", "{ACAD2FC6-F3DE-40C0-A5BC-DB214B2C66F9}"
EndProject
Project("{9A19103F-16F7-4668-BE54-9A1E7A4F7556}") = "BasicTestApp.Client", "Tests\BasicTestApp.Client\BasicTestApp.Client.csproj", "{3BAB3F4A-3177-44EF-8F52-F76DDDCCE59F}"
EndProject
Project("{9A19103F-16F7-4668-BE54-9A1E7A4F7556}") = "Blazorise.Demo.Bootstrap.RC", "Tests\Blazorise.Demo.Bootstrap.RC\Blazorise.Demo.Bootstrap.RC.csproj", "{F494526A-0795-4820-9319-F717F10FE1CF}"
EndProject
Global
	GlobalSection(SolutionConfigurationPlatforms) = preSolution
		Debug|Any CPU = Debug|Any CPU
		Release|Any CPU = Release|Any CPU
	EndGlobalSection
	GlobalSection(ProjectConfigurationPlatforms) = postSolution
		{4FB6A3AB-A9AD-4F7A-8B53-168B3BF02C03}.Debug|Any CPU.ActiveCfg = Debug|Any CPU
		{4FB6A3AB-A9AD-4F7A-8B53-168B3BF02C03}.Debug|Any CPU.Build.0 = Debug|Any CPU
		{4FB6A3AB-A9AD-4F7A-8B53-168B3BF02C03}.Release|Any CPU.ActiveCfg = Release|Any CPU
		{4FB6A3AB-A9AD-4F7A-8B53-168B3BF02C03}.Release|Any CPU.Build.0 = Release|Any CPU
		{01546D2B-3805-4C22-9154-A60A8A42B70A}.Debug|Any CPU.ActiveCfg = Debug|Any CPU
		{01546D2B-3805-4C22-9154-A60A8A42B70A}.Debug|Any CPU.Build.0 = Debug|Any CPU
		{01546D2B-3805-4C22-9154-A60A8A42B70A}.Release|Any CPU.ActiveCfg = Release|Any CPU
		{01546D2B-3805-4C22-9154-A60A8A42B70A}.Release|Any CPU.Build.0 = Release|Any CPU
		{FFAF9BF2-3560-4C1F-80C3-CE3870FC685E}.Debug|Any CPU.ActiveCfg = Debug|Any CPU
		{FFAF9BF2-3560-4C1F-80C3-CE3870FC685E}.Debug|Any CPU.Build.0 = Debug|Any CPU
		{FFAF9BF2-3560-4C1F-80C3-CE3870FC685E}.Release|Any CPU.ActiveCfg = Release|Any CPU
		{FFAF9BF2-3560-4C1F-80C3-CE3870FC685E}.Release|Any CPU.Build.0 = Release|Any CPU
		{76C16796-0F1D-4326-B3AC-466E02643F91}.Debug|Any CPU.ActiveCfg = Debug|Any CPU
		{76C16796-0F1D-4326-B3AC-466E02643F91}.Debug|Any CPU.Build.0 = Debug|Any CPU
		{76C16796-0F1D-4326-B3AC-466E02643F91}.Release|Any CPU.ActiveCfg = Release|Any CPU
		{76C16796-0F1D-4326-B3AC-466E02643F91}.Release|Any CPU.Build.0 = Release|Any CPU
		{BB2CA5F2-CB01-48E1-BF62-2A4CB6A38DF3}.Debug|Any CPU.ActiveCfg = Debug|Any CPU
		{BB2CA5F2-CB01-48E1-BF62-2A4CB6A38DF3}.Debug|Any CPU.Build.0 = Debug|Any CPU
		{BB2CA5F2-CB01-48E1-BF62-2A4CB6A38DF3}.Release|Any CPU.ActiveCfg = Release|Any CPU
		{BB2CA5F2-CB01-48E1-BF62-2A4CB6A38DF3}.Release|Any CPU.Build.0 = Release|Any CPU
		{AB8A2631-24E9-47C3-8D41-9AA554D39FF1}.Debug|Any CPU.ActiveCfg = Debug|Any CPU
		{AB8A2631-24E9-47C3-8D41-9AA554D39FF1}.Debug|Any CPU.Build.0 = Debug|Any CPU
		{AB8A2631-24E9-47C3-8D41-9AA554D39FF1}.Release|Any CPU.ActiveCfg = Release|Any CPU
		{AB8A2631-24E9-47C3-8D41-9AA554D39FF1}.Release|Any CPU.Build.0 = Release|Any CPU
		{CC65C49C-86C1-427B-B6DD-A44A28AC0AC6}.Debug|Any CPU.ActiveCfg = Debug|Any CPU
		{CC65C49C-86C1-427B-B6DD-A44A28AC0AC6}.Debug|Any CPU.Build.0 = Debug|Any CPU
		{CC65C49C-86C1-427B-B6DD-A44A28AC0AC6}.Release|Any CPU.ActiveCfg = Release|Any CPU
		{CC65C49C-86C1-427B-B6DD-A44A28AC0AC6}.Release|Any CPU.Build.0 = Release|Any CPU
		{11AEDFA7-CDF6-45AD-BCB8-8C09650BA614}.Debug|Any CPU.ActiveCfg = Debug|Any CPU
		{11AEDFA7-CDF6-45AD-BCB8-8C09650BA614}.Debug|Any CPU.Build.0 = Debug|Any CPU
		{11AEDFA7-CDF6-45AD-BCB8-8C09650BA614}.Release|Any CPU.ActiveCfg = Release|Any CPU
		{11AEDFA7-CDF6-45AD-BCB8-8C09650BA614}.Release|Any CPU.Build.0 = Release|Any CPU
		{CD6F7B1B-2EA0-4CA5-9F43-C54E231A351F}.Debug|Any CPU.ActiveCfg = Debug|Any CPU
		{CD6F7B1B-2EA0-4CA5-9F43-C54E231A351F}.Debug|Any CPU.Build.0 = Debug|Any CPU
		{CD6F7B1B-2EA0-4CA5-9F43-C54E231A351F}.Release|Any CPU.ActiveCfg = Release|Any CPU
		{CD6F7B1B-2EA0-4CA5-9F43-C54E231A351F}.Release|Any CPU.Build.0 = Release|Any CPU
		{1805598F-B7F9-4764-935E-8F158FE3A70A}.Debug|Any CPU.ActiveCfg = Debug|Any CPU
		{1805598F-B7F9-4764-935E-8F158FE3A70A}.Debug|Any CPU.Build.0 = Debug|Any CPU
		{1805598F-B7F9-4764-935E-8F158FE3A70A}.Release|Any CPU.ActiveCfg = Release|Any CPU
		{1805598F-B7F9-4764-935E-8F158FE3A70A}.Release|Any CPU.Build.0 = Release|Any CPU
		{FF52D10F-B416-4954-AE2B-3AB5158EA388}.Debug|Any CPU.ActiveCfg = Debug|Any CPU
		{FF52D10F-B416-4954-AE2B-3AB5158EA388}.Debug|Any CPU.Build.0 = Debug|Any CPU
		{FF52D10F-B416-4954-AE2B-3AB5158EA388}.Release|Any CPU.ActiveCfg = Release|Any CPU
		{FF52D10F-B416-4954-AE2B-3AB5158EA388}.Release|Any CPU.Build.0 = Release|Any CPU
		{946531BF-1445-4413-82E2-1B3238D77D6A}.Debug|Any CPU.ActiveCfg = Debug|Any CPU
		{946531BF-1445-4413-82E2-1B3238D77D6A}.Debug|Any CPU.Build.0 = Debug|Any CPU
		{946531BF-1445-4413-82E2-1B3238D77D6A}.Release|Any CPU.ActiveCfg = Release|Any CPU
		{946531BF-1445-4413-82E2-1B3238D77D6A}.Release|Any CPU.Build.0 = Release|Any CPU
		{CDBA0699-8974-4214-A64A-695CC05187B2}.Debug|Any CPU.ActiveCfg = Debug|Any CPU
		{CDBA0699-8974-4214-A64A-695CC05187B2}.Debug|Any CPU.Build.0 = Debug|Any CPU
		{CDBA0699-8974-4214-A64A-695CC05187B2}.Release|Any CPU.ActiveCfg = Release|Any CPU
		{CDBA0699-8974-4214-A64A-695CC05187B2}.Release|Any CPU.Build.0 = Release|Any CPU
		{38C2CB76-682B-4156-9890-C4A9BF6E9EB4}.Debug|Any CPU.ActiveCfg = Debug|Any CPU
		{38C2CB76-682B-4156-9890-C4A9BF6E9EB4}.Debug|Any CPU.Build.0 = Debug|Any CPU
		{38C2CB76-682B-4156-9890-C4A9BF6E9EB4}.Release|Any CPU.ActiveCfg = Release|Any CPU
		{38C2CB76-682B-4156-9890-C4A9BF6E9EB4}.Release|Any CPU.Build.0 = Release|Any CPU
		{C33071AD-3E5B-4447-A6F4-ADADE591534F}.Debug|Any CPU.ActiveCfg = Debug|Any CPU
		{C33071AD-3E5B-4447-A6F4-ADADE591534F}.Debug|Any CPU.Build.0 = Debug|Any CPU
		{C33071AD-3E5B-4447-A6F4-ADADE591534F}.Release|Any CPU.ActiveCfg = Release|Any CPU
		{C33071AD-3E5B-4447-A6F4-ADADE591534F}.Release|Any CPU.Build.0 = Release|Any CPU
		{A086A010-6FA4-442E-A44B-3EF211506C48}.Debug|Any CPU.ActiveCfg = Debug|Any CPU
		{A086A010-6FA4-442E-A44B-3EF211506C48}.Debug|Any CPU.Build.0 = Debug|Any CPU
		{A086A010-6FA4-442E-A44B-3EF211506C48}.Release|Any CPU.ActiveCfg = Release|Any CPU
		{A086A010-6FA4-442E-A44B-3EF211506C48}.Release|Any CPU.Build.0 = Release|Any CPU
		{07772BA5-4FC4-4B20-A52E-A68AF79AFD7E}.Debug|Any CPU.ActiveCfg = Debug|Any CPU
		{07772BA5-4FC4-4B20-A52E-A68AF79AFD7E}.Debug|Any CPU.Build.0 = Debug|Any CPU
		{07772BA5-4FC4-4B20-A52E-A68AF79AFD7E}.Release|Any CPU.ActiveCfg = Release|Any CPU
		{07772BA5-4FC4-4B20-A52E-A68AF79AFD7E}.Release|Any CPU.Build.0 = Release|Any CPU
		{542B2F53-F9AB-49B8-A688-056970C21C18}.Debug|Any CPU.ActiveCfg = Debug|Any CPU
		{542B2F53-F9AB-49B8-A688-056970C21C18}.Debug|Any CPU.Build.0 = Debug|Any CPU
		{542B2F53-F9AB-49B8-A688-056970C21C18}.Release|Any CPU.ActiveCfg = Release|Any CPU
		{542B2F53-F9AB-49B8-A688-056970C21C18}.Release|Any CPU.Build.0 = Release|Any CPU
		{B8ABAE4B-F2A8-477D-A72F-3DA1A7DA4A47}.Debug|Any CPU.ActiveCfg = Debug|Any CPU
		{B8ABAE4B-F2A8-477D-A72F-3DA1A7DA4A47}.Debug|Any CPU.Build.0 = Debug|Any CPU
		{B8ABAE4B-F2A8-477D-A72F-3DA1A7DA4A47}.Release|Any CPU.ActiveCfg = Release|Any CPU
		{B8ABAE4B-F2A8-477D-A72F-3DA1A7DA4A47}.Release|Any CPU.Build.0 = Release|Any CPU
		{CB842015-5693-4E07-A819-FB46D9CF2DBF}.Debug|Any CPU.ActiveCfg = Debug|Any CPU
		{CB842015-5693-4E07-A819-FB46D9CF2DBF}.Debug|Any CPU.Build.0 = Debug|Any CPU
		{CB842015-5693-4E07-A819-FB46D9CF2DBF}.Release|Any CPU.ActiveCfg = Release|Any CPU
		{CB842015-5693-4E07-A819-FB46D9CF2DBF}.Release|Any CPU.Build.0 = Release|Any CPU
		{B4563EEC-6076-497D-B877-D8D809F8C33B}.Debug|Any CPU.ActiveCfg = Debug|Any CPU
		{B4563EEC-6076-497D-B877-D8D809F8C33B}.Debug|Any CPU.Build.0 = Debug|Any CPU
		{B4563EEC-6076-497D-B877-D8D809F8C33B}.Release|Any CPU.ActiveCfg = Release|Any CPU
		{B4563EEC-6076-497D-B877-D8D809F8C33B}.Release|Any CPU.Build.0 = Release|Any CPU
		{ACAD2FC6-F3DE-40C0-A5BC-DB214B2C66F9}.Debug|Any CPU.ActiveCfg = Debug|Any CPU
		{ACAD2FC6-F3DE-40C0-A5BC-DB214B2C66F9}.Debug|Any CPU.Build.0 = Debug|Any CPU
		{ACAD2FC6-F3DE-40C0-A5BC-DB214B2C66F9}.Release|Any CPU.ActiveCfg = Release|Any CPU
		{ACAD2FC6-F3DE-40C0-A5BC-DB214B2C66F9}.Release|Any CPU.Build.0 = Release|Any CPU
		{3BAB3F4A-3177-44EF-8F52-F76DDDCCE59F}.Debug|Any CPU.ActiveCfg = Debug|Any CPU
		{3BAB3F4A-3177-44EF-8F52-F76DDDCCE59F}.Debug|Any CPU.Build.0 = Debug|Any CPU
		{3BAB3F4A-3177-44EF-8F52-F76DDDCCE59F}.Release|Any CPU.ActiveCfg = Release|Any CPU
		{3BAB3F4A-3177-44EF-8F52-F76DDDCCE59F}.Release|Any CPU.Build.0 = Release|Any CPU
		{F494526A-0795-4820-9319-F717F10FE1CF}.Debug|Any CPU.ActiveCfg = Debug|Any CPU
		{F494526A-0795-4820-9319-F717F10FE1CF}.Debug|Any CPU.Build.0 = Debug|Any CPU
		{F494526A-0795-4820-9319-F717F10FE1CF}.Release|Any CPU.ActiveCfg = Release|Any CPU
		{F494526A-0795-4820-9319-F717F10FE1CF}.Release|Any CPU.Build.0 = Release|Any CPU
	EndGlobalSection
	GlobalSection(SolutionProperties) = preSolution
		HideSolutionNode = FALSE
	EndGlobalSection
	GlobalSection(NestedProjects) = preSolution
		{4FB6A3AB-A9AD-4F7A-8B53-168B3BF02C03} = {73CD9574-5204-442D-A67C-CA7B038057C2}
		{01546D2B-3805-4C22-9154-A60A8A42B70A} = {73CD9574-5204-442D-A67C-CA7B038057C2}
		{FFAF9BF2-3560-4C1F-80C3-CE3870FC685E} = {73CD9574-5204-442D-A67C-CA7B038057C2}
		{76C16796-0F1D-4326-B3AC-466E02643F91} = {73CD9574-5204-442D-A67C-CA7B038057C2}
		{BB2CA5F2-CB01-48E1-BF62-2A4CB6A38DF3} = {73CD9574-5204-442D-A67C-CA7B038057C2}
		{AB8A2631-24E9-47C3-8D41-9AA554D39FF1} = {D04C5874-4D6A-493E-8CF4-6C7922198563}
		{CC65C49C-86C1-427B-B6DD-A44A28AC0AC6} = {D04C5874-4D6A-493E-8CF4-6C7922198563}
		{11AEDFA7-CDF6-45AD-BCB8-8C09650BA614} = {D04C5874-4D6A-493E-8CF4-6C7922198563}
		{CD6F7B1B-2EA0-4CA5-9F43-C54E231A351F} = {D04C5874-4D6A-493E-8CF4-6C7922198563}
		{1805598F-B7F9-4764-935E-8F158FE3A70A} = {D04C5874-4D6A-493E-8CF4-6C7922198563}
		{FF52D10F-B416-4954-AE2B-3AB5158EA388} = {D04C5874-4D6A-493E-8CF4-6C7922198563}
		{946531BF-1445-4413-82E2-1B3238D77D6A} = {D04C5874-4D6A-493E-8CF4-6C7922198563}
		{CDBA0699-8974-4214-A64A-695CC05187B2} = {D04C5874-4D6A-493E-8CF4-6C7922198563}
		{9731051E-0AA7-411E-A76A-987854F034DA} = {73CD9574-5204-442D-A67C-CA7B038057C2}
		{C33071AD-3E5B-4447-A6F4-ADADE591534F} = {9731051E-0AA7-411E-A76A-987854F034DA}
		{A086A010-6FA4-442E-A44B-3EF211506C48} = {9731051E-0AA7-411E-A76A-987854F034DA}
		{07772BA5-4FC4-4B20-A52E-A68AF79AFD7E} = {9731051E-0AA7-411E-A76A-987854F034DA}
		{DCFDDB03-833A-477F-AAD8-E4C304FD7767} = {D04C5874-4D6A-493E-8CF4-6C7922198563}
		{542B2F53-F9AB-49B8-A688-056970C21C18} = {DCFDDB03-833A-477F-AAD8-E4C304FD7767}
		{B8ABAE4B-F2A8-477D-A72F-3DA1A7DA4A47} = {9731051E-0AA7-411E-A76A-987854F034DA}
		{CB842015-5693-4E07-A819-FB46D9CF2DBF} = {9731051E-0AA7-411E-A76A-987854F034DA}
		{B4563EEC-6076-497D-B877-D8D809F8C33B} = {D04C5874-4D6A-493E-8CF4-6C7922198563}
		{ACAD2FC6-F3DE-40C0-A5BC-DB214B2C66F9} = {D04C5874-4D6A-493E-8CF4-6C7922198563}
		{3BAB3F4A-3177-44EF-8F52-F76DDDCCE59F} = {D04C5874-4D6A-493E-8CF4-6C7922198563}
		{F494526A-0795-4820-9319-F717F10FE1CF} = {D04C5874-4D6A-493E-8CF4-6C7922198563}
		{38C2CB76-682B-4156-9890-C4A9BF6E9EB4} = {D04C5874-4D6A-493E-8CF4-6C7922198563}
	EndGlobalSection
	GlobalSection(ExtensibilityGlobals) = postSolution
		SolutionGuid = {205B3EA4-470F-45DA-911E-346AF7D0A9A5}
	EndGlobalSection
EndGlobal
