{
  "name": "Blazorise",
  "version": "1.0.0",
  "lockfileVersion": 1,
  "requires": true,
  "dependencies": {
    "@popperjs/core": {
      "version": "2.11.0",
      "resolved": "https://registry.npmjs.org/@popperjs/core/-/core-2.11.0.tgz",
      "integrity": "sha512-zrsUxjLOKAzdewIDRWy9nsV1GQsKBCWaGwsZQlCgr6/q+vjyZhFgqedLfFBuI9anTPEUT4APq9Mu0SZBTzIcGQ=="
    },
    "autonumeric": {
      "version": "4.6.0",
      "resolved": "https://registry.npmjs.org/autonumeric/-/autonumeric-4.6.0.tgz",
      "integrity": "sha512-bYnD2oD9UMZBTxSWcvXH1MTcp0w+CUBfXe4HI1QJLGzJu+O27Ny5gqzRcFuDsZB9jrZ5SJjqAG0PieJsaUdTcg=="
    },
    "flatpickr": {
      "version": "4.6.9",
      "resolved": "https://registry.npmjs.org/flatpickr/-/flatpickr-4.6.9.tgz",
      "integrity": "sha512-F0azNNi8foVWKSF+8X+ZJzz8r9sE1G4hl06RyceIaLvyltKvDl6vqk9Lm/6AUUCi5HWaIjiUbk7UpeE/fOXOpw=="
    },
    "inputmask": {
      "version": "5.0.7",
      "resolved": "https://registry.npmjs.org/inputmask/-/inputmask-5.0.7.tgz",
      "integrity": "sha512-rUxbRDS25KEib+c/Ow+K01oprU/+EK9t9SOPC8ov94/ftULGDqj1zOgRU/Hko6uzoKRMdwCfuhAafJ/Wk2wffQ=="
    }
  }
}
